# THIS IS AN AUTOGENERATED FILE. DO NOT EDIT THIS FILE DIRECTLY.
# yarn lockfile v1


"@babel/runtime@^7.21.0":
  version "7.28.6"
  resolved "https://registry.yarnpkg.com/@babel/runtime/-/runtime-7.28.6.tgz#d267a43cb1836dc4d182cce93ae75ba954ef6d2b"
  integrity sha512-05WQkdpL9COIMz4LjTxGpPNCdlpyimKppYNoJ5Di5EUObifl8t4tuLuUBBZEpoLYOmfvIWrsp9fCl0HoPRVTdA==

"@nethserver/ns8-ui-lib@^1.12.0":
  version "1.12.0"
  resolved "https://registry.yarnpkg.com/@nethserver/ns8-ui-lib/-/ns8-ui-lib-1.12.0.tgz#29e07b1980ba926f4f2c25b94ac6cf80d14c4bc4"
  integrity sha512-vV9wE390bJxKO/38EZCV4ZRxYj9Zkp3RnvJQSEV/o0VUbWH04OWCvUXZtzQ6K2NJ/pW93alcyxeukIZ6Xx2M4A==
  dependencies:
    "@rollup/plugin-json" "^4.1.0"
    core-js "^3.15.2"
    date-fns "^2.23.0"
    date-fns-tz "^1.1.6"
    vue-date-fns "^2.0.1"

"@rollup/plugin-json@^4.1.0":
  version "4.1.0"
  resolved "https://registry.yarnpkg.com/@rollup/plugin-json/-/plugin-json-4.1.0.tgz#54e09867ae6963c593844d8bd7a9c718294496f3"
  integrity sha512-yfLbTdNS6amI/2OpmbiBoW12vngr5NW2jCJVZSBEz+H5KfUJZ2M7sDjk0U6GOOdCWFVScShte29o9NezJ53TPw==
  dependencies:
    "@rollup/pluginutils" "^3.0.8"

"@rollup/pluginutils@^3.0.8":
  version "3.1.0"
  resolved "https://registry.yarnpkg.com/@rollup/pluginutils/-/pluginutils-3.1.0.tgz#706b4524ee6dc8b103b3c995533e5ad680c02b9b"
  integrity sha512-GksZ6pr6TpIjHm8h9lSQ8pi8BE9VeubNT0OMJ3B5uZJ8pz73NPiqOtCog/x2/QzM1ENChPKxMDhiQuRHsqc+lg==
  dependencies:
    "@types/estree" "0.0.39"
    estree-walker "^1.0.1"
    picomatch "^2.2.2"

"@types/estree@0.0.39":
  version "0.0.39"
  resolved "https://registry.yarnpkg.com/@types/estree/-/estree-0.0.39.tgz#e177e699ee1b8c22d23174caaa7422644389509f"
  integrity sha512-EYNwp3bU+98cpU4lAWYYL7Zz+2gryWH1qbdDTidVd6hkiR6weksdbMadyXKXNPEkQFhXM+hVO9ZygomHXp+AIw==

core-js@^3.15.2:
  version "3.48.0"
  resolved "https://registry.yarnpkg.com/core-js/-/core-js-3.48.0.tgz#1f813220a47bbf0e667e3885c36cd6f0593bf14d"
  integrity sha512-zpEHTy1fjTMZCKLHUZoVeylt9XrzaIN2rbPXEt0k+q7JE5CkCZdo6bNq55bn24a69CH7ErAVLKijxJja4fw+UQ==

date-fns-tz@^1.1.6:
  version "1.3.8"
  resolved "https://registry.yarnpkg.com/date-fns-tz/-/date-fns-tz-1.3.8.tgz#083e3a4e1f19b7857fa0c18deea6c2bc46ded7b9"
  integrity sha512-qwNXUFtMHTTU6CFSFjoJ80W8Fzzp24LntbjFFBgL/faqds4e5mo9mftoRLgr3Vi1trISsg4awSpYVsOQCRnapQ==

date-fns@^2.0.0, date-fns@^2.23.0:
  version "2.30.0"
  resolved "https://registry.yarnpkg.com/date-fns/-/date-fns-2.30.0.tgz#f367e644839ff57894ec6ac480de40cae4b0f4d0"
  integrity sha512-fnULvOpxnC5/Vg3NCiWelDsLiUc9bRwAPs/+LfTLNvetFCtCTN+yQz15C/fs4AwX1R9K5GLtLfn8QW+dWisaAw==
  dependencies:
    "@babel/runtime" "^7.21.0"

estree-walker@^1.0.1:
  version "1.0.1"
  resolved "https://registry.yarnpkg.com/estree-walker/-/estree-walker-1.0.1.tgz#31bc5d612c96b704106b477e6dd5d8aa138cb700"
  integrity sha512-1fMXF3YP4pZZVozF8j/ZLfvnR8NSIljt56UhbZ5PeeDmmGHpgpdwQt7ITlGvYaQukCvuBRMLEiKiYC+oeIg4cg==

picomatch@^2.2.2:
  version "2.3.1"
  resolved "https://registry.yarnpkg.com/picomatch/-/picomatch-2.3.1.tgz#3ba3833733646d9d3e4995946c1365a67fb07a42"
  integrity sha512-JU3teHTNjmE2VCGFzuY8EXzCDVwEqB2a8fsIvwaStHhAWJEeVd1o1QD80CU6+ZdEXXSLbSsuLwJjkCBWqRQUVA==

vue-date-fns@^2.0.1:
  version "2.0.2"
  resolved "https://registry.yarnpkg.com/vue-date-fns/-/vue-date-fns-2.0.2.tgz#dc548041e85e49582ac429df1a44834bfa29ba55"
  integrity sha512-XHd2oYZY0AfWJohCwREhvfziJdiUHit6HYKUPTyvx5wDUaFA4TWDdkFp78IIrn0nl86oTGM1/5yXtNvqYXL5ew==
  dependencies:
    date-fns "^2.0.0"
